// !$*UTF8*$!
{
	archiveVersion = 1;
	classes = {
	};
	objectVersion = 46;
	objects = {

/* Begin PBXBuildFile section */
		DDA665971D67636D0079220F /* AppDelegate.m in Sources */ = {isa = PBXBuildFile; fileRef = DDA665961D67636D0079220F /* AppDelegate.m */; };
		DDA6659A1D67636D0079220F /* main.m in Sources */ = {isa = PBXBuildFile; fileRef = DDA665991D67636D0079220F /* main.m */; };
		DDA6659D1D67636D0079220F /* Document.m in Sources */ = {isa = PBXBuildFile; fileRef = DDA6659C1D67636D0079220F /* Document.m */; };
		DDA665A01D67636D0079220F /* Document.xib in Resources */ = {isa = PBXBuildFile; fileRef = DDA6659E1D67636D0079220F /* Document.xib */; };
		DDA665A21D67636D0079220F /* Assets.xcassets in Resources */ = {isa = PBXBuildFile; fileRef = DDA665A11D67636D0079220F /* Assets.xcassets */; };
		DDA665A51D67636D0079220F /* MainMenu.xib in Resources */ = {isa = PBXBuildFile; fileRef = DDA665A31D67636D0079220F /* MainMenu.xib */; };
		DDA665B01D67636D0079220F /* ImageKeeperTests.m in Sources */ = {isa = PBXBuildFile; fileRef = DDA665AF1D67636D0079220F /* ImageKeeperTests.m */; };
		DDA665BB1D67636D0079220F /* ImageKeeperUITests.m in Sources */ = {isa = PBXBuildFile; fileRef = DDA665BA1D67636D0079220F /* ImageKeeperUITests.m */; };
		DDA665CD1D685E520079220F /* Butterfly.jpg in Resources */ = {isa = PBXBuildFile; fileRef = DDA665CA1D685E520079220F /* Butterfly.jpg */; };
		DDA665CE1D685E520079220F /* Husky.jpg in Resources */ = {isa = PBXBuildFile; fileRef = DDA665CB1D685E520079220F /* Husky.jpg */; };
		DDA665CF1D685E520079220F /* Balloons.jpg in Resources */ = {isa = PBXBuildFile; fileRef = DDA665CC1D685E520079220F /* Balloons.jpg */; };
		DDA665D21D68684B0079220F /* MELCanvas.m in Sources */ = {isa = PBXBuildFile; fileRef = DDA665D11D68684B0079220F /* MELCanvas.m */; };
		DDA665D91D687EAE0079220F /* MELImageLibraryPanelController.m in Sources */ = {isa = PBXBuildFile; fileRef = DDA665D71D687EAE0079220F /* MELImageLibraryPanelController.m */; };
		DDA665DA1D687EAE0079220F /* MELImageLibraryPanelController.xib in Resources */ = {isa = PBXBuildFile; fileRef = DDA665D81D687EAE0079220F /* MELImageLibraryPanelController.xib */; };
		DDA665DE1D687F4A0079220F /* MELDataStore.m in Sources */ = {isa = PBXBuildFile; fileRef = DDA665DD1D687F4A0079220F /* MELDataStore.m */; };
		DDA665E41D689CEB0079220F /* MELDocumentModel.m in Sources */ = {isa = PBXBuildFile; fileRef = DDA665E31D689CEB0079220F /* MELDocumentModel.m */; };
		DDA665E71D689E3B0079220F /* MELImageModel.m in Sources */ = {isa = PBXBuildFile; fileRef = DDA665E61D689E3B0079220F /* MELImageModel.m */; };
		DDA665EB1D68A78A0079220F /* MELCanvasController.m in Sources */ = {isa = PBXBuildFile; fileRef = DDA665E91D68A78A0079220F /* MELCanvasController.m */; };
		DDA665EC1D68A78A0079220F /* MELCanvasController.xib in Resources */ = {isa = PBXBuildFile; fileRef = DDA665EA1D68A78A0079220F /* MELCanvasController.xib */; };
		DDA665F61D69EF2C0079220F /* MELImageInspector.m in Sources */ = {isa = PBXBuildFile; fileRef = DDA665F41D69EF2C0079220F /* MELImageInspector.m */; };
		DDA665F71D69EF2C0079220F /* MELImageInspector.xib in Resources */ = {isa = PBXBuildFile; fileRef = DDA665F51D69EF2C0079220F /* MELImageInspector.xib */; };
		DDA665FA1D6A12060079220F /* MELRect.m in Sources */ = {isa = PBXBuildFile; fileRef = DDA665F91D6A12060079220F /* MELRect.m */; };
		DDA665FD1D6B86450079220F /* Jobs.png in Resources */ = {isa = PBXBuildFile; fileRef = DDA665FB1D6B86450079220F /* Jobs.png */; };
		DDA666041D6C8EE20079220F /* MELInstrumentPanelController.m in Sources */ = {isa = PBXBuildFile; fileRef = DDA666021D6C8EE20079220F /* MELInstrumentPanelController.m */; };
		DDA666051D6C8EE20079220F /* MELInstrumentPanelController.xib in Resources */ = {isa = PBXBuildFile; fileRef = DDA666031D6C8EE20079220F /* MELInstrumentPanelController.xib */; };
		DDA666151D6CA67D0079220F /* MELCursorStrategy.m in Sources */ = {isa = PBXBuildFile; fileRef = DDA666141D6CA67D0079220F /* MELCursorStrategy.m */; };
		DDA6661B1D6CBEC10079220F /* MELVisitor.m in Sources */ = {isa = PBXBuildFile; fileRef = DDA6661A1D6CBEC10079220F /* MELVisitor.m */; };
		DDA6661F1D6CBF790079220F /* MELLineModel.m in Sources */ = {isa = PBXBuildFile; fileRef = DDA6661E1D6CBF790079220F /* MELLineModel.m */; };
		DDA666221D6CBF8D0079220F /* MELOvalModel.m in Sources */ = {isa = PBXBuildFile; fileRef = DDA666211D6CBF8D0079220F /* MELOvalModel.m */; };
		DDA666251D6CBFA60079220F /* MELRectangleModel.m in Sources */ = {isa = PBXBuildFile; fileRef = DDA666241D6CBFA60079220F /* MELRectangleModel.m */; };
		DDA666281D6CC0410079220F /* MELCurveModel.m in Sources */ = {isa = PBXBuildFile; fileRef = DDA666271D6CC0410079220F /* MELCurveModel.m */; };
		DDA6662B1D6CCD0E0079220F /* MELPrimitiveModel.m in Sources */ = {isa = PBXBuildFile; fileRef = DDA6662A1D6CCD0E0079220F /* MELPrimitiveModel.m */; };
		DDA6662E1D6CE1AD0079220F /* MELLineStrategy.m in Sources */ = {isa = PBXBuildFile; fileRef = DDA6662D1D6CE1AD0079220F /* MELLineStrategy.m */; };
		DDA666311D6CE1C80079220F /* MELRectangleStrategy.m in Sources */ = {isa = PBXBuildFile; fileRef = DDA666301D6CE1C80079220F /* MELRectangleStrategy.m */; };
		DDA666341D6CE1DB0079220F /* MELOvalStrategy.m in Sources */ = {isa = PBXBuildFile; fileRef = DDA666331D6CE1DB0079220F /* MELOvalStrategy.m */; };
		DDA666371D6CE1F70079220F /* MELCurveStrategy.m in Sources */ = {isa = PBXBuildFile; fileRef = DDA666361D6CE1F70079220F /* MELCurveStrategy.m */; };
		DDA6663B1D6D92050079220F /* MELPrimitiveStrategy.m in Sources */ = {isa = PBXBuildFile; fileRef = DDA6663A1D6D92050079220F /* MELPrimitiveStrategy.m */; };
		DDA666411D6DE2F60079220F /* __Interface__Brush.png in Resources */ = {isa = PBXBuildFile; fileRef = DDA6663C1D6DE2F60079220F /* __Interface__Brush.png */; };
		DDA666421D6DE2F60079220F /* __Interface__Cursor.png in Resources */ = {isa = PBXBuildFile; fileRef = DDA6663D1D6DE2F60079220F /* __Interface__Cursor.png */; };
		DDA666431D6DE2F60079220F /* __Interface__Line.png in Resources */ = {isa = PBXBuildFile; fileRef = DDA6663E1D6DE2F60079220F /* __Interface__Line.png */; };
		DDA666441D6DE2F60079220F /* __Interface__Oval.png in Resources */ = {isa = PBXBuildFile; fileRef = DDA6663F1D6DE2F60079220F /* __Interface__Oval.png */; };
		DDA666451D6DE2F60079220F /* __Interface__Rectangle.png in Resources */ = {isa = PBXBuildFile; fileRef = DDA666401D6DE2F60079220F /* __Interface__Rectangle.png */; };
		DDA666521D6E20E90079220F /* Jobs.png in CopyFiles */ = {isa = PBXBuildFile; fileRef = DDA665FB1D6B86450079220F /* Jobs.png */; settings = {ATTRIBUTES = (CodeSignOnCopy, ); }; };
		DDA666531D6E20E90079220F /* Butterfly.jpg in CopyFiles */ = {isa = PBXBuildFile; fileRef = DDA665CA1D685E520079220F /* Butterfly.jpg */; settings = {ATTRIBUTES = (CodeSignOnCopy, ); }; };
		DDA666541D6E20E90079220F /* Husky.jpg in CopyFiles */ = {isa = PBXBuildFile; fileRef = DDA665CB1D685E520079220F /* Husky.jpg */; settings = {ATTRIBUTES = (CodeSignOnCopy, ); }; };
		DDA666551D6E20E90079220F /* Balloons.jpg in CopyFiles */ = {isa = PBXBuildFile; fileRef = DDA665CC1D685E520079220F /* Balloons.jpg */; settings = {ATTRIBUTES = (CodeSignOnCopy, ); }; };
		DDA666571D6E25500079220F /* Fjords.jpg in Resources */ = {isa = PBXBuildFile; fileRef = DDA666561D6E25500079220F /* Fjords.jpg */; };
		DDA666581D6E25860079220F /* Fjords.jpg in CopyFiles */ = {isa = PBXBuildFile; fileRef = DDA666561D6E25500079220F /* Fjords.jpg */; };
/* End PBXBuildFile section */

/* Begin PBXContainerItemProxy section */
		DDA665AC1D67636D0079220F /* PBXContainerItemProxy */ = {
			isa = PBXContainerItemProxy;
			containerPortal = DDA6658A1D67636D0079220F /* Project object */;
			proxyType = 1;
			remoteGlobalIDString = DDA665911D67636D0079220F;
			remoteInfo = ImageKeeper;
		};
		DDA665B71D67636D0079220F /* PBXContainerItemProxy */ = {
			isa = PBXContainerItemProxy;
			containerPortal = DDA6658A1D67636D0079220F /* Project object */;
			proxyType = 1;
			remoteGlobalIDString = DDA665911D67636D0079220F;
			remoteInfo = ImageKeeper;
		};
/* End PBXContainerItemProxy section */

/* Begin PBXCopyFilesBuildPhase section */
		DDA666511D6E202F0079220F /* CopyFiles */ = {
			isa = PBXCopyFilesBuildPhase;
			buildActionMask = 8;
			dstPath = Images;
			dstSubfolderSpec = 7;
			files = (
				DDA666581D6E25860079220F /* Fjords.jpg in CopyFiles */,
				DDA666521D6E20E90079220F /* Jobs.png in CopyFiles */,
				DDA666531D6E20E90079220F /* Butterfly.jpg in CopyFiles */,
				DDA666541D6E20E90079220F /* Husky.jpg in CopyFiles */,
				DDA666551D6E20E90079220F /* Balloons.jpg in CopyFiles */,
			);
			runOnlyForDeploymentPostprocessing = 1;
		};
/* End PBXCopyFilesBuildPhase section */

/* Begin PBXFileReference section */
		DDA665921D67636D0079220F /* ImageKeeper.app */ = {isa = PBXFileReference; explicitFileType = wrapper.application; includeInIndex = 0; path = ImageKeeper.app; sourceTree = BUILT_PRODUCTS_DIR; };
		DDA665951D67636D0079220F /* AppDelegate.h */ = {isa = PBXFileReference; lastKnownFileType = sourcecode.c.h; path = AppDelegate.h; sourceTree = "<group>"; };
		DDA665961D67636D0079220F /* AppDelegate.m */ = {isa = PBXFileReference; lastKnownFileType = sourcecode.c.objc; path = AppDelegate.m; sourceTree = "<group>"; };
		DDA665991D67636D0079220F /* main.m */ = {isa = PBXFileReference; lastKnownFileType = sourcecode.c.objc; path = main.m; sourceTree = "<group>"; };
		DDA6659B1D67636D0079220F /* Document.h */ = {isa = PBXFileReference; lastKnownFileType = sourcecode.c.h; path = Document.h; sourceTree = "<group>"; };
		DDA6659C1D67636D0079220F /* Document.m */ = {isa = PBXFileReference; lastKnownFileType = sourcecode.c.objc; path = Document.m; sourceTree = "<group>"; };
		DDA6659F1D67636D0079220F /* Base */ = {isa = PBXFileReference; lastKnownFileType = file.xib; name = Base; path = Base.lproj/Document.xib; sourceTree = "<group>"; };
		DDA665A11D67636D0079220F /* Assets.xcassets */ = {isa = PBXFileReference; lastKnownFileType = folder.assetcatalog; path = Assets.xcassets; sourceTree = "<group>"; };
		DDA665A41D67636D0079220F /* Base */ = {isa = PBXFileReference; lastKnownFileType = file.xib; name = Base; path = Base.lproj/MainMenu.xib; sourceTree = "<group>"; };
		DDA665A61D67636D0079220F /* Info.plist */ = {isa = PBXFileReference; lastKnownFileType = text.plist.xml; path = Info.plist; sourceTree = "<group>"; };
		DDA665AB1D67636D0079220F /* ImageKeeperTests.xctest */ = {isa = PBXFileReference; explicitFileType = wrapper.cfbundle; includeInIndex = 0; path = ImageKeeperTests.xctest; sourceTree = BUILT_PRODUCTS_DIR; };
		DDA665AF1D67636D0079220F /* ImageKeeperTests.m */ = {isa = PBXFileReference; lastKnownFileType = sourcecode.c.objc; path = ImageKeeperTests.m; sourceTree = "<group>"; };
		DDA665B11D67636D0079220F /* Info.plist */ = {isa = PBXFileReference; lastKnownFileType = text.plist.xml; path = Info.plist; sourceTree = "<group>"; };
		DDA665B61D67636D0079220F /* ImageKeeperUITests.xctest */ = {isa = PBXFileReference; explicitFileType = wrapper.cfbundle; includeInIndex = 0; path = ImageKeeperUITests.xctest; sourceTree = BUILT_PRODUCTS_DIR; };
		DDA665BA1D67636D0079220F /* ImageKeeperUITests.m */ = {isa = PBXFileReference; lastKnownFileType = sourcecode.c.objc; path = ImageKeeperUITests.m; sourceTree = "<group>"; };
		DDA665BC1D67636D0079220F /* Info.plist */ = {isa = PBXFileReference; lastKnownFileType = text.plist.xml; path = Info.plist; sourceTree = "<group>"; };
		DDA665CA1D685E520079220F /* Butterfly.jpg */ = {isa = PBXFileReference; lastKnownFileType = image.jpeg; path = Butterfly.jpg; sourceTree = "<group>"; };
		DDA665CB1D685E520079220F /* Husky.jpg */ = {isa = PBXFileReference; lastKnownFileType = image.jpeg; path = Husky.jpg; sourceTree = "<group>"; };
		DDA665CC1D685E520079220F /* Balloons.jpg */ = {isa = PBXFileReference; lastKnownFileType = image.jpeg; path = Balloons.jpg; sourceTree = "<group>"; };
		DDA665D01D68684A0079220F /* MELCanvas.h */ = {isa = PBXFileReference; fileEncoding = 4; lastKnownFileType = sourcecode.c.h; path = MELCanvas.h; sourceTree = "<group>"; };
		DDA665D11D68684B0079220F /* MELCanvas.m */ = {isa = PBXFileReference; fileEncoding = 4; lastKnownFileType = sourcecode.c.objc; path = MELCanvas.m; sourceTree = "<group>"; };
		DDA665D61D687EAE0079220F /* MELImageLibraryPanelController.h */ = {isa = PBXFileReference; fileEncoding = 4; lastKnownFileType = sourcecode.c.h; path = MELImageLibraryPanelController.h; sourceTree = "<group>"; };
		DDA665D71D687EAE0079220F /* MELImageLibraryPanelController.m */ = {isa = PBXFileReference; fileEncoding = 4; lastKnownFileType = sourcecode.c.objc; path = MELImageLibraryPanelController.m; sourceTree = "<group>"; };
		DDA665D81D687EAE0079220F /* MELImageLibraryPanelController.xib */ = {isa = PBXFileReference; fileEncoding = 4; lastKnownFileType = file.xib; path = MELImageLibraryPanelController.xib; sourceTree = "<group>"; };
		DDA665DC1D687F4A0079220F /* MELDataStore.h */ = {isa = PBXFileReference; fileEncoding = 4; lastKnownFileType = sourcecode.c.h; path = MELDataStore.h; sourceTree = "<group>"; };
		DDA665DD1D687F4A0079220F /* MELDataStore.m */ = {isa = PBXFileReference; fileEncoding = 4; lastKnownFileType = sourcecode.c.objc; path = MELDataStore.m; sourceTree = "<group>"; };
		DDA665E21D689CEB0079220F /* MELDocumentModel.h */ = {isa = PBXFileReference; fileEncoding = 4; lastKnownFileType = sourcecode.c.h; path = MELDocumentModel.h; sourceTree = "<group>"; };
		DDA665E31D689CEB0079220F /* MELDocumentModel.m */ = {isa = PBXFileReference; fileEncoding = 4; lastKnownFileType = sourcecode.c.objc; path = MELDocumentModel.m; sourceTree = "<group>"; };
		DDA665E51D689E3B0079220F /* MELImageModel.h */ = {isa = PBXFileReference; fileEncoding = 4; lastKnownFileType = sourcecode.c.h; path = MELImageModel.h; sourceTree = "<group>"; };
		DDA665E61D689E3B0079220F /* MELImageModel.m */ = {isa = PBXFileReference; fileEncoding = 4; lastKnownFileType = sourcecode.c.objc; path = MELImageModel.m; sourceTree = "<group>"; };
		DDA665E81D68A78A0079220F /* MELCanvasController.h */ = {isa = PBXFileReference; fileEncoding = 4; lastKnownFileType = sourcecode.c.h; path = MELCanvasController.h; sourceTree = "<group>"; };
		DDA665E91D68A78A0079220F /* MELCanvasController.m */ = {isa = PBXFileReference; fileEncoding = 4; lastKnownFileType = sourcecode.c.objc; path = MELCanvasController.m; sourceTree = "<group>"; };
		DDA665EA1D68A78A0079220F /* MELCanvasController.xib */ = {isa = PBXFileReference; fileEncoding = 4; lastKnownFileType = file.xib; path = MELCanvasController.xib; sourceTree = "<group>"; };
		DDA665ED1D68B9AD0079220F /* Macros.h */ = {isa = PBXFileReference; lastKnownFileType = sourcecode.c.h; path = Macros.h; sourceTree = "<group>"; };
		DDA665F31D69EF2C0079220F /* MELImageInspector.h */ = {isa = PBXFileReference; fileEncoding = 4; lastKnownFileType = sourcecode.c.h; path = MELImageInspector.h; sourceTree = "<group>"; };
		DDA665F41D69EF2C0079220F /* MELImageInspector.m */ = {isa = PBXFileReference; fileEncoding = 4; lastKnownFileType = sourcecode.c.objc; path = MELImageInspector.m; sourceTree = "<group>"; };
		DDA665F51D69EF2C0079220F /* MELImageInspector.xib */ = {isa = PBXFileReference; fileEncoding = 4; lastKnownFileType = file.xib; path = MELImageInspector.xib; sourceTree = "<group>"; };
		DDA665F81D6A12060079220F /* MELRect.h */ = {isa = PBXFileReference; fileEncoding = 4; lastKnownFileType = sourcecode.c.h; path = MELRect.h; sourceTree = "<group>"; };
		DDA665F91D6A12060079220F /* MELRect.m */ = {isa = PBXFileReference; fileEncoding = 4; lastKnownFileType = sourcecode.c.objc; path = MELRect.m; sourceTree = "<group>"; };
		DDA665FB1D6B86450079220F /* Jobs.png */ = {isa = PBXFileReference; lastKnownFileType = image.png; path = Jobs.png; sourceTree = "<group>"; };
		DDA666011D6C8EE20079220F /* MELInstrumentPanelController.h */ = {isa = PBXFileReference; fileEncoding = 4; lastKnownFileType = sourcecode.c.h; path = MELInstrumentPanelController.h; sourceTree = "<group>"; };
		DDA666021D6C8EE20079220F /* MELInstrumentPanelController.m */ = {isa = PBXFileReference; fileEncoding = 4; lastKnownFileType = sourcecode.c.objc; path = MELInstrumentPanelController.m; sourceTree = "<group>"; };
		DDA666031D6C8EE20079220F /* MELInstrumentPanelController.xib */ = {isa = PBXFileReference; fileEncoding = 4; lastKnownFileType = file.xib; path = MELInstrumentPanelController.xib; sourceTree = "<group>"; };
		DDA666121D6CA4EF0079220F /* MELStrategy.h */ = {isa = PBXFileReference; fileEncoding = 4; lastKnownFileType = sourcecode.c.h; path = MELStrategy.h; sourceTree = "<group>"; };
		DDA666131D6CA67D0079220F /* MELCursorStrategy.h */ = {isa = PBXFileReference; fileEncoding = 4; lastKnownFileType = sourcecode.c.h; path = MELCursorStrategy.h; sourceTree = "<group>"; };
		DDA666141D6CA67D0079220F /* MELCursorStrategy.m */ = {isa = PBXFileReference; fileEncoding = 4; lastKnownFileType = sourcecode.c.objc; path = MELCursorStrategy.m; sourceTree = "<group>"; };
		DDA666181D6CBD5C0079220F /* MELElement.h */ = {isa = PBXFileReference; fileEncoding = 4; lastKnownFileType = sourcecode.c.h; path = MELElement.h; sourceTree = "<group>"; };
		DDA666191D6CBEC10079220F /* MELVisitor.h */ = {isa = PBXFileReference; fileEncoding = 4; lastKnownFileType = sourcecode.c.h; path = MELVisitor.h; sourceTree = "<group>"; };
		DDA6661A1D6CBEC10079220F /* MELVisitor.m */ = {isa = PBXFileReference; fileEncoding = 4; lastKnownFileType = sourcecode.c.objc; path = MELVisitor.m; sourceTree = "<group>"; };
		DDA6661D1D6CBF790079220F /* MELLineModel.h */ = {isa = PBXFileReference; fileEncoding = 4; lastKnownFileType = sourcecode.c.h; path = MELLineModel.h; sourceTree = "<group>"; };
		DDA6661E1D6CBF790079220F /* MELLineModel.m */ = {isa = PBXFileReference; fileEncoding = 4; lastKnownFileType = sourcecode.c.objc; path = MELLineModel.m; sourceTree = "<group>"; };
		DDA666201D6CBF8D0079220F /* MELOvalModel.h */ = {isa = PBXFileReference; fileEncoding = 4; lastKnownFileType = sourcecode.c.h; path = MELOvalModel.h; sourceTree = "<group>"; };
		DDA666211D6CBF8D0079220F /* MELOvalModel.m */ = {isa = PBXFileReference; fileEncoding = 4; lastKnownFileType = sourcecode.c.objc; path = MELOvalModel.m; sourceTree = "<group>"; };
		DDA666231D6CBFA60079220F /* MELRectangleModel.h */ = {isa = PBXFileReference; fileEncoding = 4; lastKnownFileType = sourcecode.c.h; path = MELRectangleModel.h; sourceTree = "<group>"; };
		DDA666241D6CBFA60079220F /* MELRectangleModel.m */ = {isa = PBXFileReference; fileEncoding = 4; lastKnownFileType = sourcecode.c.objc; path = MELRectangleModel.m; sourceTree = "<group>"; };
		DDA666261D6CC0410079220F /* MELCurveModel.h */ = {isa = PBXFileReference; fileEncoding = 4; lastKnownFileType = sourcecode.c.h; path = MELCurveModel.h; sourceTree = "<group>"; };
		DDA666271D6CC0410079220F /* MELCurveModel.m */ = {isa = PBXFileReference; fileEncoding = 4; lastKnownFileType = sourcecode.c.objc; path = MELCurveModel.m; sourceTree = "<group>"; };
		DDA666291D6CCD0E0079220F /* MELPrimitiveModel.h */ = {isa = PBXFileReference; fileEncoding = 4; lastKnownFileType = sourcecode.c.h; path = MELPrimitiveModel.h; sourceTree = "<group>"; };
		DDA6662A1D6CCD0E0079220F /* MELPrimitiveModel.m */ = {isa = PBXFileReference; fileEncoding = 4; lastKnownFileType = sourcecode.c.objc; path = MELPrimitiveModel.m; sourceTree = "<group>"; };
		DDA6662C1D6CE1AD0079220F /* MELLineStrategy.h */ = {isa = PBXFileReference; fileEncoding = 4; lastKnownFileType = sourcecode.c.h; path = MELLineStrategy.h; sourceTree = "<group>"; };
		DDA6662D1D6CE1AD0079220F /* MELLineStrategy.m */ = {isa = PBXFileReference; fileEncoding = 4; lastKnownFileType = sourcecode.c.objc; path = MELLineStrategy.m; sourceTree = "<group>"; };
		DDA6662F1D6CE1C80079220F /* MELRectangleStrategy.h */ = {isa = PBXFileReference; fileEncoding = 4; lastKnownFileType = sourcecode.c.h; path = MELRectangleStrategy.h; sourceTree = "<group>"; };
		DDA666301D6CE1C80079220F /* MELRectangleStrategy.m */ = {isa = PBXFileReference; fileEncoding = 4; lastKnownFileType = sourcecode.c.objc; path = MELRectangleStrategy.m; sourceTree = "<group>"; };
		DDA666321D6CE1DB0079220F /* MELOvalStrategy.h */ = {isa = PBXFileReference; fileEncoding = 4; lastKnownFileType = sourcecode.c.h; path = MELOvalStrategy.h; sourceTree = "<group>"; };
		DDA666331D6CE1DB0079220F /* MELOvalStrategy.m */ = {isa = PBXFileReference; fileEncoding = 4; lastKnownFileType = sourcecode.c.objc; path = MELOvalStrategy.m; sourceTree = "<group>"; };
		DDA666351D6CE1F70079220F /* MELCurveStrategy.h */ = {isa = PBXFileReference; fileEncoding = 4; lastKnownFileType = sourcecode.c.h; path = MELCurveStrategy.h; sourceTree = "<group>"; };
		DDA666361D6CE1F70079220F /* MELCurveStrategy.m */ = {isa = PBXFileReference; fileEncoding = 4; lastKnownFileType = sourcecode.c.objc; path = MELCurveStrategy.m; sourceTree = "<group>"; };
		DDA666391D6D92050079220F /* MELPrimitiveStrategy.h */ = {isa = PBXFileReference; fileEncoding = 4; lastKnownFileType = sourcecode.c.h; path = MELPrimitiveStrategy.h; sourceTree = "<group>"; };
		DDA6663A1D6D92050079220F /* MELPrimitiveStrategy.m */ = {isa = PBXFileReference; fileEncoding = 4; lastKnownFileType = sourcecode.c.objc; path = MELPrimitiveStrategy.m; sourceTree = "<group>"; };
		DDA6663C1D6DE2F60079220F /* __Interface__Brush.png */ = {isa = PBXFileReference; lastKnownFileType = image.png; name = __Interface__Brush.png; path = Interface/__Interface__Brush.png; sourceTree = "<group>"; };
		DDA6663D1D6DE2F60079220F /* __Interface__Cursor.png */ = {isa = PBXFileReference; lastKnownFileType = image.png; name = __Interface__Cursor.png; path = Interface/__Interface__Cursor.png; sourceTree = "<group>"; };
		DDA6663E1D6DE2F60079220F /* __Interface__Line.png */ = {isa = PBXFileReference; lastKnownFileType = image.png; name = __Interface__Line.png; path = Interface/__Interface__Line.png; sourceTree = "<group>"; };
		DDA6663F1D6DE2F60079220F /* __Interface__Oval.png */ = {isa = PBXFileReference; lastKnownFileType = image.png; name = __Interface__Oval.png; path = Interface/__Interface__Oval.png; sourceTree = "<group>"; };
		DDA666401D6DE2F60079220F /* __Interface__Rectangle.png */ = {isa = PBXFileReference; lastKnownFileType = image.png; name = __Interface__Rectangle.png; path = Interface/__Interface__Rectangle.png; sourceTree = "<group>"; };
		DDA6664C1D6DEA660079220F /* MELDataStoreProtocols.h */ = {isa = PBXFileReference; fileEncoding = 4; lastKnownFileType = sourcecode.c.h; path = MELDataStoreProtocols.h; sourceTree = "<group>"; };
		DDA666561D6E25500079220F /* Fjords.jpg */ = {isa = PBXFileReference; lastKnownFileType = image.jpeg; path = Fjords.jpg; sourceTree = "<group>"; };
/* End PBXFileReference section */

/* Begin PBXFrameworksBuildPhase section */
		DDA6658F1D67636D0079220F /* Frameworks */ = {
			isa = PBXFrameworksBuildPhase;
			buildActionMask = 2147483647;
			files = (
			);
			runOnlyForDeploymentPostprocessing = 0;
		};
		DDA665A81D67636D0079220F /* Frameworks */ = {
			isa = PBXFrameworksBuildPhase;
			buildActionMask = 2147483647;
			files = (
			);
			runOnlyForDeploymentPostprocessing = 0;
		};
		DDA665B31D67636D0079220F /* Frameworks */ = {
			isa = PBXFrameworksBuildPhase;
			buildActionMask = 2147483647;
			files = (
			);
			runOnlyForDeploymentPostprocessing = 0;
		};
/* End PBXFrameworksBuildPhase section */

/* Begin PBXGroup section */
		DDA665891D67636D0079220F = {
			isa = PBXGroup;
			children = (
				DDA665941D67636D0079220F /* ImageKeeper */,
				DDA665AE1D67636D0079220F /* ImageKeeperTests */,
				DDA665B91D67636D0079220F /* ImageKeeperUITests */,
				DDA665931D67636D0079220F /* Products */,
			);
			sourceTree = "<group>";
		};
		DDA665931D67636D0079220F /* Products */ = {
			isa = PBXGroup;
			children = (
				DDA665921D67636D0079220F /* ImageKeeper.app */,
				DDA665AB1D67636D0079220F /* ImageKeeperTests.xctest */,
				DDA665B61D67636D0079220F /* ImageKeeperUITests.xctest */,
			);
			name = Products;
			sourceTree = "<group>";
		};
		DDA665941D67636D0079220F /* ImageKeeper */ = {
			isa = PBXGroup;
			children = (
				DDA665D31D6878900079220F /* Models */,
				DDA665D41D6878A30079220F /* Views */,
				DDA665D51D6878AB0079220F /* Controllers */,
				DDA665981D67636D0079220F /* Supporting Files */,
				DDA666061D6C92B90079220F /* Interface */,
				DDA665C91D685DE80079220F /* Resources */,
				DDA665A11D67636D0079220F /* Assets.xcassets */,
				DDA665A61D67636D0079220F /* Info.plist */,
			);
			path = ImageKeeper;
			sourceTree = "<group>";
		};
		DDA665981D67636D0079220F /* Supporting Files */ = {
			isa = PBXGroup;
			children = (
				DDA665ED1D68B9AD0079220F /* Macros.h */,
				DDA665991D67636D0079220F /* main.m */,
			);
			name = "Supporting Files";
			sourceTree = "<group>";
		};
		DDA665AE1D67636D0079220F /* ImageKeeperTests */ = {
			isa = PBXGroup;
			children = (
				DDA665AF1D67636D0079220F /* ImageKeeperTests.m */,
				DDA665B11D67636D0079220F /* Info.plist */,
			);
			path = ImageKeeperTests;
			sourceTree = "<group>";
		};
		DDA665B91D67636D0079220F /* ImageKeeperUITests */ = {
			isa = PBXGroup;
			children = (
				DDA665BA1D67636D0079220F /* ImageKeeperUITests.m */,
				DDA665BC1D67636D0079220F /* Info.plist */,
			);
			path = ImageKeeperUITests;
			sourceTree = "<group>";
		};
		DDA665C91D685DE80079220F /* Resources */ = {
			isa = PBXGroup;
			children = (
				DDA666561D6E25500079220F /* Fjords.jpg */,
				DDA665FB1D6B86450079220F /* Jobs.png */,
				DDA665CA1D685E520079220F /* Butterfly.jpg */,
				DDA665CB1D685E520079220F /* Husky.jpg */,
				DDA665CC1D685E520079220F /* Balloons.jpg */,
			);
			name = Resources;
			sourceTree = "<group>";
		};
		DDA665D31D6878900079220F /* Models */ = {
			isa = PBXGroup;
			children = (
				DDA6661C1D6CBED10079220F /* Visitor */,
				DDA666461D6DE90B0079220F /* DataStore */,
				DDA665E21D689CEB0079220F /* MELDocumentModel.h */,
				DDA665E31D689CEB0079220F /* MELDocumentModel.m */,
				DDA665F81D6A12060079220F /* MELRect.h */,
				DDA665F91D6A12060079220F /* MELRect.m */,
			);
			name = Models;
			sourceTree = "<group>";
		};
		DDA665D41D6878A30079220F /* Views */ = {
			isa = PBXGroup;
			children = (
				DDA665DB1D687F0A0079220F /* XIBs */,
				DDA665D01D68684A0079220F /* MELCanvas.h */,
				DDA665D11D68684B0079220F /* MELCanvas.m */,
			);
			name = Views;
			sourceTree = "<group>";
		};
		DDA665D51D6878AB0079220F /* Controllers */ = {
			isa = PBXGroup;
			children = (
				DDA666111D6CA4920079220F /* Strategy */,
				DDA665951D67636D0079220F /* AppDelegate.h */,
				DDA665961D67636D0079220F /* AppDelegate.m */,
				DDA6659B1D67636D0079220F /* Document.h */,
				DDA6659C1D67636D0079220F /* Document.m */,
				DDA665D61D687EAE0079220F /* MELImageLibraryPanelController.h */,
				DDA665D71D687EAE0079220F /* MELImageLibraryPanelController.m */,
				DDA665E81D68A78A0079220F /* MELCanvasController.h */,
				DDA665E91D68A78A0079220F /* MELCanvasController.m */,
				DDA665F31D69EF2C0079220F /* MELImageInspector.h */,
				DDA665F41D69EF2C0079220F /* MELImageInspector.m */,
				DDA666011D6C8EE20079220F /* MELInstrumentPanelController.h */,
				DDA666021D6C8EE20079220F /* MELInstrumentPanelController.m */,
			);
			name = Controllers;
			sourceTree = "<group>";
		};
		DDA665DB1D687F0A0079220F /* XIBs */ = {
			isa = PBXGroup;
			children = (
				DDA665D81D687EAE0079220F /* MELImageLibraryPanelController.xib */,
				DDA6659E1D67636D0079220F /* Document.xib */,
				DDA665A31D67636D0079220F /* MainMenu.xib */,
				DDA665EA1D68A78A0079220F /* MELCanvasController.xib */,
				DDA665F51D69EF2C0079220F /* MELImageInspector.xib */,
				DDA666031D6C8EE20079220F /* MELInstrumentPanelController.xib */,
			);
			name = XIBs;
			sourceTree = "<group>";
		};
		DDA666061D6C92B90079220F /* Interface */ = {
			isa = PBXGroup;
			children = (
				DDA6663C1D6DE2F60079220F /* __Interface__Brush.png */,
				DDA6663D1D6DE2F60079220F /* __Interface__Cursor.png */,
				DDA6663E1D6DE2F60079220F /* __Interface__Line.png */,
				DDA6663F1D6DE2F60079220F /* __Interface__Oval.png */,
				DDA666401D6DE2F60079220F /* __Interface__Rectangle.png */,
			);
			name = Interface;
			sourceTree = "<group>";
		};
		DDA666111D6CA4920079220F /* Strategy */ = {
			isa = PBXGroup;
			children = (
				DDA666121D6CA4EF0079220F /* MELStrategy.h */,
				DDA666391D6D92050079220F /* MELPrimitiveStrategy.h */,
				DDA6663A1D6D92050079220F /* MELPrimitiveStrategy.m */,
				DDA666131D6CA67D0079220F /* MELCursorStrategy.h */,
				DDA666141D6CA67D0079220F /* MELCursorStrategy.m */,
				DDA6662C1D6CE1AD0079220F /* MELLineStrategy.h */,
				DDA6662D1D6CE1AD0079220F /* MELLineStrategy.m */,
				DDA6662F1D6CE1C80079220F /* MELRectangleStrategy.h */,
				DDA666301D6CE1C80079220F /* MELRectangleStrategy.m */,
				DDA666321D6CE1DB0079220F /* MELOvalStrategy.h */,
				DDA666331D6CE1DB0079220F /* MELOvalStrategy.m */,
				DDA666351D6CE1F70079220F /* MELCurveStrategy.h */,
				DDA666361D6CE1F70079220F /* MELCurveStrategy.m */,
			);
			name = Strategy;
			sourceTree = "<group>";
		};
		DDA666171D6CBCFD0079220F /* Elements */ = {
			isa = PBXGroup;
			children = (
				DDA666181D6CBD5C0079220F /* MELElement.h */,
				DDA665E51D689E3B0079220F /* MELImageModel.h */,
				DDA665E61D689E3B0079220F /* MELImageModel.m */,
				DDA666291D6CCD0E0079220F /* MELPrimitiveModel.h */,
				DDA6662A1D6CCD0E0079220F /* MELPrimitiveModel.m */,
				DDA6661D1D6CBF790079220F /* MELLineModel.h */,
				DDA6661E1D6CBF790079220F /* MELLineModel.m */,
				DDA666231D6CBFA60079220F /* MELRectangleModel.h */,
				DDA666241D6CBFA60079220F /* MELRectangleModel.m */,
				DDA666201D6CBF8D0079220F /* MELOvalModel.h */,
				DDA666211D6CBF8D0079220F /* MELOvalModel.m */,
				DDA666261D6CC0410079220F /* MELCurveModel.h */,
				DDA666271D6CC0410079220F /* MELCurveModel.m */,
			);
			name = Elements;
			sourceTree = "<group>";
		};
		DDA6661C1D6CBED10079220F /* Visitor */ = {
			isa = PBXGroup;
			children = (
				DDA666171D6CBCFD0079220F /* Elements */,
				DDA666191D6CBEC10079220F /* MELVisitor.h */,
				DDA6661A1D6CBEC10079220F /* MELVisitor.m */,
			);
			name = Visitor;
			sourceTree = "<group>";
		};
		DDA666461D6DE90B0079220F /* DataStore */ = {
			isa = PBXGroup;
			children = (
				DDA6664C1D6DEA660079220F /* MELDataStoreProtocols.h */,
				DDA665DC1D687F4A0079220F /* MELDataStore.h */,
				DDA665DD1D687F4A0079220F /* MELDataStore.m */,
			);
			name = DataStore;
			sourceTree = "<group>";
		};
/* End PBXGroup section */

/* Begin PBXNativeTarget section */
		DDA665911D67636D0079220F /* ImageKeeper */ = {
			isa = PBXNativeTarget;
			buildConfigurationList = DDA665BF1D67636D0079220F /* Build configuration list for PBXNativeTarget "ImageKeeper" */;
			buildPhases = (
				DDA6658E1D67636D0079220F /* Sources */,
				DDA6658F1D67636D0079220F /* Frameworks */,
				DDA665901D67636D0079220F /* Resources */,
				DDA666511D6E202F0079220F /* CopyFiles */,
			);
			buildRules = (
			);
			dependencies = (
			);
			name = ImageKeeper;
			productName = ImageKeeper;
			productReference = DDA665921D67636D0079220F /* ImageKeeper.app */;
			productType = "com.apple.product-type.application";
		};
		DDA665AA1D67636D0079220F /* ImageKeeperTests */ = {
			isa = PBXNativeTarget;
			buildConfigurationList = DDA665C21D67636D0079220F /* Build configuration list for PBXNativeTarget "ImageKeeperTests" */;
			buildPhases = (
				DDA665A71D67636D0079220F /* Sources */,
				DDA665A81D67636D0079220F /* Frameworks */,
				DDA665A91D67636D0079220F /* Resources */,
			);
			buildRules = (
			);
			dependencies = (
				DDA665AD1D67636D0079220F /* PBXTargetDependency */,
			);
			name = ImageKeeperTests;
			productName = ImageKeeperTests;
			productReference = DDA665AB1D67636D0079220F /* ImageKeeperTests.xctest */;
			productType = "com.apple.product-type.bundle.unit-test";
		};
		DDA665B51D67636D0079220F /* ImageKeeperUITests */ = {
			isa = PBXNativeTarget;
			buildConfigurationList = DDA665C51D67636D0079220F /* Build configuration list for PBXNativeTarget "ImageKeeperUITests" */;
			buildPhases = (
				DDA665B21D67636D0079220F /* Sources */,
				DDA665B31D67636D0079220F /* Frameworks */,
				DDA665B41D67636D0079220F /* Resources */,
			);
			buildRules = (
			);
			dependencies = (
				DDA665B81D67636D0079220F /* PBXTargetDependency */,
			);
			name = ImageKeeperUITests;
			productName = ImageKeeperUITests;
			productReference = DDA665B61D67636D0079220F /* ImageKeeperUITests.xctest */;
			productType = "com.apple.product-type.bundle.ui-testing";
		};
/* End PBXNativeTarget section */

/* Begin PBXProject section */
		DDA6658A1D67636D0079220F /* Project object */ = {
			isa = PBXProject;
			attributes = {
				LastUpgradeCheck = 0730;
				ORGANIZATIONNAME = "Александр Мелащенко";
				TargetAttributes = {
					DDA665911D67636D0079220F = {
						CreatedOnToolsVersion = 7.3.1;
					};
					DDA665AA1D67636D0079220F = {
						CreatedOnToolsVersion = 7.3.1;
						TestTargetID = DDA665911D67636D0079220F;
					};
					DDA665B51D67636D0079220F = {
						CreatedOnToolsVersion = 7.3.1;
						TestTargetID = DDA665911D67636D0079220F;
					};
				};
			};
			buildConfigurationList = DDA6658D1D67636D0079220F /* Build configuration list for PBXProject "ImageKeeper" */;
			compatibilityVersion = "Xcode 3.2";
			developmentRegion = English;
			hasScannedForEncodings = 0;
			knownRegions = (
				en,
				Base,
			);
			mainGroup = DDA665891D67636D0079220F;
			productRefGroup = DDA665931D67636D0079220F /* Products */;
			projectDirPath = "";
			projectRoot = "";
			targets = (
				DDA665911D67636D0079220F /* ImageKeeper */,
				DDA665AA1D67636D0079220F /* ImageKeeperTests */,
				DDA665B51D67636D0079220F /* ImageKeeperUITests */,
			);
		};
/* End PBXProject section */

/* Begin PBXResourcesBuildPhase section */
		DDA665901D67636D0079220F /* Resources */ = {
			isa = PBXResourcesBuildPhase;
			buildActionMask = 2147483647;
			files = (
				DDA665F71D69EF2C0079220F /* MELImageInspector.xib in Resources */,
				DDA665CD1D685E520079220F /* Butterfly.jpg in Resources */,
				DDA665A21D67636D0079220F /* Assets.xcassets in Resources */,
				DDA666421D6DE2F60079220F /* __Interface__Cursor.png in Resources */,
				DDA666411D6DE2F60079220F /* __Interface__Brush.png in Resources */,
				DDA665A01D67636D0079220F /* Document.xib in Resources */,
				DDA665CF1D685E520079220F /* Balloons.jpg in Resources */,
				DDA665DA1D687EAE0079220F /* MELImageLibraryPanelController.xib in Resources */,
				DDA666451D6DE2F60079220F /* __Interface__Rectangle.png in Resources */,
				DDA665CE1D685E520079220F /* Husky.jpg in Resources */,
				DDA665EC1D68A78A0079220F /* MELCanvasController.xib in Resources */,
				DDA666051D6C8EE20079220F /* MELInstrumentPanelController.xib in Resources */,
				DDA666571D6E25500079220F /* Fjords.jpg in Resources */,
				DDA665FD1D6B86450079220F /* Jobs.png in Resources */,
				DDA666431D6DE2F60079220F /* __Interface__Line.png in Resources */,
				DDA666441D6DE2F60079220F /* __Interface__Oval.png in Resources */,
				DDA665A51D67636D0079220F /* MainMenu.xib in Resources */,
			);
			runOnlyForDeploymentPostprocessing = 0;
		};
		DDA665A91D67636D0079220F /* Resources */ = {
			isa = PBXResourcesBuildPhase;
			buildActionMask = 2147483647;
			files = (
			);
			runOnlyForDeploymentPostprocessing = 0;
		};
		DDA665B41D67636D0079220F /* Resources */ = {
			isa = PBXResourcesBuildPhase;
			buildActionMask = 2147483647;
			files = (
			);
			runOnlyForDeploymentPostprocessing = 0;
		};
/* End PBXResourcesBuildPhase section */

/* Begin PBXSourcesBuildPhase section */
		DDA6658E1D67636D0079220F /* Sources */ = {
			isa = PBXSourcesBuildPhase;
			buildActionMask = 2147483647;
			files = (
				DDA665D91D687EAE0079220F /* MELImageLibraryPanelController.m in Sources */,
				DDA666151D6CA67D0079220F /* MELCursorStrategy.m in Sources */,
				DDA666281D6CC0410079220F /* MELCurveModel.m in Sources */,
				DDA665FA1D6A12060079220F /* MELRect.m in Sources */,
				DDA665E41D689CEB0079220F /* MELDocumentModel.m in Sources */,
				DDA6662E1D6CE1AD0079220F /* MELLineStrategy.m in Sources */,
				DDA666311D6CE1C80079220F /* MELRectangleStrategy.m in Sources */,
				DDA665D21D68684B0079220F /* MELCanvas.m in Sources */,
				DDA6662B1D6CCD0E0079220F /* MELPrimitiveModel.m in Sources */,
				DDA666341D6CE1DB0079220F /* MELOvalStrategy.m in Sources */,
				DDA665EB1D68A78A0079220F /* MELCanvasController.m in Sources */,
				DDA6663B1D6D92050079220F /* MELPrimitiveStrategy.m in Sources */,
				DDA665F61D69EF2C0079220F /* MELImageInspector.m in Sources */,
				DDA6661B1D6CBEC10079220F /* MELVisitor.m in Sources */,
				DDA665DE1D687F4A0079220F /* MELDataStore.m in Sources */,
				DDA665E71D689E3B0079220F /* MELImageModel.m in Sources */,
				DDA666251D6CBFA60079220F /* MELRectangleModel.m in Sources */,
				DDA666221D6CBF8D0079220F /* MELOvalModel.m in Sources */,
				DDA666041D6C8EE20079220F /* MELInstrumentPanelController.m in Sources */,
				DDA6659D1D67636D0079220F /* Document.m in Sources */,
				DDA6661F1D6CBF790079220F /* MELLineModel.m in Sources */,
				DDA666371D6CE1F70079220F /* MELCurveStrategy.m in Sources */,
				DDA6659A1D67636D0079220F /* main.m in Sources */,
				DDA665971D67636D0079220F /* AppDelegate.m in Sources */,
			);
			runOnlyForDeploymentPostprocessing = 0;
		};
		DDA665A71D67636D0079220F /* Sources */ = {
			isa = PBXSourcesBuildPhase;
			buildActionMask = 2147483647;
			files = (
				DDA665B01D67636D0079220F /* ImageKeeperTests.m in Sources */,
			);
			runOnlyForDeploymentPostprocessing = 0;
		};
		DDA665B21D67636D0079220F /* Sources */ = {
			isa = PBXSourcesBuildPhase;
			buildActionMask = 2147483647;
			files = (
				DDA665BB1D67636D0079220F /* ImageKeeperUITests.m in Sources */,
			);
			runOnlyForDeploymentPostprocessing = 0;
		};
/* End PBXSourcesBuildPhase section */

/* Begin PBXTargetDependency section */
		DDA665AD1D67636D0079220F /* PBXTargetDependency */ = {
			isa = PBXTargetDependency;
			target = DDA665911D67636D0079220F /* ImageKeeper */;
			targetProxy = DDA665AC1D67636D0079220F /* PBXContainerItemProxy */;
		};
		DDA665B81D67636D0079220F /* PBXTargetDependency */ = {
			isa = PBXTargetDependency;
			target = DDA665911D67636D0079220F /* ImageKeeper */;
			targetProxy = DDA665B71D67636D0079220F /* PBXContainerItemProxy */;
		};
/* End PBXTargetDependency section */

/* Begin PBXVariantGroup section */
		DDA6659E1D67636D0079220F /* Document.xib */ = {
			isa = PBXVariantGroup;
			children = (
				DDA6659F1D67636D0079220F /* Base */,
			);
			name = Document.xib;
			sourceTree = "<group>";
		};
		DDA665A31D67636D0079220F /* MainMenu.xib */ = {
			isa = PBXVariantGroup;
			children = (
				DDA665A41D67636D0079220F /* Base */,
			);
			name = MainMenu.xib;
			sourceTree = "<group>";
		};
/* End PBXVariantGroup section */

/* Begin XCBuildConfiguration section */
		DDA665BD1D67636D0079220F /* Debug */ = {
			isa = XCBuildConfiguration;
			buildSettings = {
				ALWAYS_SEARCH_USER_PATHS = NO;
				CLANG_ANALYZER_NONNULL = YES;
				CLANG_CXX_LANGUAGE_STANDARD = "gnu++0x";
				CLANG_CXX_LIBRARY = "libc++";
				CLANG_ENABLE_MODULES = YES;
				CLANG_ENABLE_OBJC_ARC = YES;
				CLANG_WARN_BOOL_CONVERSION = YES;
				CLANG_WARN_CONSTANT_CONVERSION = YES;
				CLANG_WARN_DIRECT_OBJC_ISA_USAGE = YES_ERROR;
				CLANG_WARN_EMPTY_BODY = YES;
				CLANG_WARN_ENUM_CONVERSION = YES;
				CLANG_WARN_INT_CONVERSION = YES;
				CLANG_WARN_OBJC_ROOT_CLASS = YES_ERROR;
				CLANG_WARN_UNREACHABLE_CODE = YES;
				CLANG_WARN__DUPLICATE_METHOD_MATCH = YES;
				CODE_SIGN_IDENTITY = "-";
				COPY_PHASE_STRIP = NO;
				DEBUG_INFORMATION_FORMAT = dwarf;
				ENABLE_STRICT_OBJC_MSGSEND = YES;
				ENABLE_TESTABILITY = YES;
				GCC_C_LANGUAGE_STANDARD = gnu99;
				GCC_DYNAMIC_NO_PIC = NO;
				GCC_NO_COMMON_BLOCKS = YES;
				GCC_OPTIMIZATION_LEVEL = 0;
				GCC_PREPROCESSOR_DEFINITIONS = (
					"DEBUG=1",
					"$(inherited)",
				);
				GCC_WARN_64_TO_32_BIT_CONVERSION = YES;
				GCC_WARN_ABOUT_RETURN_TYPE = YES_ERROR;
				GCC_WARN_UNDECLARED_SELECTOR = YES;
				GCC_WARN_UNINITIALIZED_AUTOS = YES_AGGRESSIVE;
				GCC_WARN_UNUSED_FUNCTION = YES;
				GCC_WARN_UNUSED_VARIABLE = YES;
				MACOSX_DEPLOYMENT_TARGET = 10.11;
				MTL_ENABLE_DEBUG_INFO = YES;
				ONLY_ACTIVE_ARCH = YES;
				SDKROOT = macosx;
			};
			name = Debug;
		};
		DDA665BE1D67636D0079220F /* Release */ = {
			isa = XCBuildConfiguration;
			buildSettings = {
				ALWAYS_SEARCH_USER_PATHS = NO;
				CLANG_ANALYZER_NONNULL = YES;
				CLANG_CXX_LANGUAGE_STANDARD = "gnu++0x";
				CLANG_CXX_LIBRARY = "libc++";
				CLANG_ENABLE_MODULES = YES;
				CLANG_ENABLE_OBJC_ARC = YES;
				CLANG_WARN_BOOL_CONVERSION = YES;
				CLANG_WARN_CONSTANT_CONVERSION = YES;
				CLANG_WARN_DIRECT_OBJC_ISA_USAGE = YES_ERROR;
				CLANG_WARN_EMPTY_BODY = YES;
				CLANG_WARN_ENUM_CONVERSION = YES;
				CLANG_WARN_INT_CONVERSION = YES;
				CLANG_WARN_OBJC_ROOT_CLASS = YES_ERROR;
				CLANG_WARN_UNREACHABLE_CODE = YES;
				CLANG_WARN__DUPLICATE_METHOD_MATCH = YES;
				CODE_SIGN_IDENTITY = "-";
				COPY_PHASE_STRIP = NO;
				DEBUG_INFORMATION_FORMAT = "dwarf-with-dsym";
				ENABLE_NS_ASSERTIONS = NO;
				ENABLE_STRICT_OBJC_MSGSEND = YES;
				GCC_C_LANGUAGE_STANDARD = gnu99;
				GCC_NO_COMMON_BLOCKS = YES;
				GCC_WARN_64_TO_32_BIT_CONVERSION = YES;
				GCC_WARN_ABOUT_RETURN_TYPE = YES_ERROR;
				GCC_WARN_UNDECLARED_SELECTOR = YES;
				GCC_WARN_UNINITIALIZED_AUTOS = YES_AGGRESSIVE;
				GCC_WARN_UNUSED_FUNCTION = YES;
				GCC_WARN_UNUSED_VARIABLE = YES;
				MACOSX_DEPLOYMENT_TARGET = 10.11;
				MTL_ENABLE_DEBUG_INFO = NO;
				SDKROOT = macosx;
			};
			name = Release;
		};
		DDA665C01D67636D0079220F /* Debug */ = {
			isa = XCBuildConfiguration;
			buildSettings = {
				ASSETCATALOG_COMPILER_APPICON_NAME = AppIcon;
				CLANG_ENABLE_OBJC_ARC = NO;
				COMBINE_HIDPI_IMAGES = YES;
				INFOPLIST_FILE = ImageKeeper/Info.plist;
				LD_RUNPATH_SEARCH_PATHS = "$(inherited) @executable_path/../Frameworks";
				PRODUCT_BUNDLE_IDENTIFIER = MEL.ImageKeeper;
				PRODUCT_NAME = "$(TARGET_NAME)";
			};
			name = Debug;
		};
		DDA665C11D67636D0079220F /* Release */ = {
			isa = XCBuildConfiguration;
			buildSettings = {
				ASSETCATALOG_COMPILER_APPICON_NAME = AppIcon;
				CLANG_ENABLE_OBJC_ARC = NO;
				COMBINE_HIDPI_IMAGES = YES;
				INFOPLIST_FILE = ImageKeeper/Info.plist;
				LD_RUNPATH_SEARCH_PATHS = "$(inherited) @executable_path/../Frameworks";
				PRODUCT_BUNDLE_IDENTIFIER = MEL.ImageKeeper;
				PRODUCT_NAME = "$(TARGET_NAME)";
			};
			name = Release;
		};
		DDA665C31D67636D0079220F /* Debug */ = {
			isa = XCBuildConfiguration;
			buildSettings = {
				BUNDLE_LOADER = "$(TEST_HOST)";
				COMBINE_HIDPI_IMAGES = YES;
				INFOPLIST_FILE = ImageKeeperTests/Info.plist;
				LD_RUNPATH_SEARCH_PATHS = "$(inherited) @executable_path/../Frameworks @loader_path/../Frameworks";
				PRODUCT_BUNDLE_IDENTIFIER = MEL.ImageKeeperTests;
				PRODUCT_NAME = "$(TARGET_NAME)";
				TEST_HOST = "$(BUILT_PRODUCTS_DIR)/ImageKeeper.app/Contents/MacOS/ImageKeeper";
			};
			name = Debug;
		};
		DDA665C41D67636D0079220F /* Release */ = {
			isa = XCBuildConfiguration;
			buildSettings = {
				BUNDLE_LOADER = "$(TEST_HOST)";
				COMBINE_HIDPI_IMAGES = YES;
				INFOPLIST_FILE = ImageKeeperTests/Info.plist;
				LD_RUNPATH_SEARCH_PATHS = "$(inherited) @executable_path/../Frameworks @loader_path/../Frameworks";
				PRODUCT_BUNDLE_IDENTIFIER = MEL.ImageKeeperTests;
				PRODUCT_NAME = "$(TARGET_NAME)";
				TEST_HOST = "$(BUILT_PRODUCTS_DIR)/ImageKeeper.app/Contents/MacOS/ImageKeeper";
			};
			name = Release;
		};
		DDA665C61D67636D0079220F /* Debug */ = {
			isa = XCBuildConfiguration;
			buildSettings = {
				COMBINE_HIDPI_IMAGES = YES;
				INFOPLIST_FILE = ImageKeeperUITests/Info.plist;
				LD_RUNPATH_SEARCH_PATHS = "$(inherited) @executable_path/../Frameworks @loader_path/../Frameworks";
				PRODUCT_BUNDLE_IDENTIFIER = MEL.ImageKeeperUITests;
				PRODUCT_NAME = "$(TARGET_NAME)";
				TEST_TARGET_NAME = ImageKeeper;
			};
			name = Debug;
		};
		DDA665C71D67636D0079220F /* Release */ = {
			isa = XCBuildConfiguration;
			buildSettings = {
				COMBINE_HIDPI_IMAGES = YES;
				INFOPLIST_FILE = ImageKeeperUITests/Info.plist;
				LD_RUNPATH_SEARCH_PATHS = "$(inherited) @executable_path/../Frameworks @loader_path/../Frameworks";
				PRODUCT_BUNDLE_IDENTIFIER = MEL.ImageKeeperUITests;
				PRODUCT_NAME = "$(TARGET_NAME)";
				TEST_TARGET_NAME = ImageKeeper;
			};
			name = Release;
		};
/* End XCBuildConfiguration section */

/* Begin XCConfigurationList section */
		DDA6658D1D67636D0079220F /* Build configuration list for PBXProject "ImageKeeper" */ = {
			isa = XCConfigurationList;
			buildConfigurations = (
				DDA665BD1D67636D0079220F /* Debug */,
				DDA665BE1D67636D0079220F /* Release */,
			);
			defaultConfigurationIsVisible = 0;
			defaultConfigurationName = Release;
		};
		DDA665BF1D67636D0079220F /* Build configuration list for PBXNativeTarget "ImageKeeper" */ = {
			isa = XCConfigurationList;
			buildConfigurations = (
				DDA665C01D67636D0079220F /* Debug */,
				DDA665C11D67636D0079220F /* Release */,
			);
			defaultConfigurationIsVisible = 0;
			defaultConfigurationName = Release;
		};
		DDA665C21D67636D0079220F /* Build configuration list for PBXNativeTarget "ImageKeeperTests" */ = {
			isa = XCConfigurationList;
			buildConfigurations = (
				DDA665C31D67636D0079220F /* Debug */,
				DDA665C41D67636D0079220F /* Release */,
			);
			defaultConfigurationIsVisible = 0;
			defaultConfigurationName = Release;
		};
		DDA665C51D67636D0079220F /* Build configuration list for PBXNativeTarget "ImageKeeperUITests" */ = {
			isa = XCConfigurationList;
			buildConfigurations = (
				DDA665C61D67636D0079220F /* Debug */,
				DDA665C71D67636D0079220F /* Release */,
			);
			defaultConfigurationIsVisible = 0;
			defaultConfigurationName = Release;
		};
/* End XCConfigurationList section */
	};
	rootObject = DDA6658A1D67636D0079220F /* Project object */;
}
